
Microsoft Visual Studio Solution File, Format Version 12.00
# Visual Studio Version 17
VisualStudioVersion = 17.14.36518.9 d17.14
MinimumVisualStudioVersion = 10.0.40219.1
Project("{FAE04EC0-301F-11D3-BF4B-00C04F79EFBC}") = "Login_Jose_Antonio", "Login_Jose_Antonio\Login_Jose_Antonio.csproj", "{49280BA0-8167-4ACB-A8EB-94D70F3F889A}"
EndProject
Global
	GlobalSection(SolutionConfigurationPlatforms) = preSolution
		Debug|Any CPU = Debug|Any CPU
		Release|Any CPU = Release|Any CPU
	EndGlobalSection
	GlobalSection(ProjectConfigurationPlatforms) = postSolution
		{49280BA0-8167-4ACB-A8EB-94D70F3F889A}.Debug|Any CPU.ActiveCfg = Debug|Any CPU
		{49280BA0-8167-4ACB-A8EB-94D70F3F889A}.Debug|Any CPU.Build.0 = Debug|Any CPU
		{49280BA0-8167-4ACB-A8EB-94D70F3F889A}.Release|Any CPU.ActiveCfg = Release|Any CPU
		{49280BA0-8167-4ACB-A8EB-94D70F3F889A}.Release|Any CPU.Build.0 = Release|Any CPU
	EndGlobalSection
	GlobalSection(SolutionProperties) = preSolution
		HideSolutionNode = FALSE
	EndGlobalSection
	GlobalSection(ExtensibilityGlobals) = postSolution
		SolutionGuid = {4EA98668-655E-4FB3-9DD7-8EFE0A80573E}
	EndGlobalSection
EndGlobal
